
Microsoft Visual Studio Solution File, Format Version 11.00
# Visual C++ Express 2010
Project("{8BC9CEB8-8B4A-11D0-8D11-00A0C91BC942}") = "xbmc-addon-vuplus", "xbmc-addon-vuplus.vcxproj", "{F6F0D0F1-30A6-2C59-CE60-3D76352C7B89}"
EndProject
Global
	GlobalSection(SolutionConfigurationPlatforms) = preSolution
		Debug|Win32 = Debug|Win32
		Release|Win32 = Release|Win32
	EndGlobalSection
	GlobalSection(ProjectConfigurationPlatforms) = postSolution
		{F6F0D0F1-30A6-2C59-CE60-3D76352C7B89}.Debug|Win32.ActiveCfg = Debug|Win32
		{F6F0D0F1-30A6-2C59-CE60-3D76352C7B89}.Debug|Win32.Build.0 = Debug|Win32
		{F6F0D0F1-30A6-2C59-CE60-3D76352C7B89}.Release|Win32.ActiveCfg = Release|Win32
		{F6F0D0F1-30A6-2C59-CE60-3D76352C7B89}.Release|Win32.Build.0 = Release|Win32
	EndGlobalSection
	GlobalSection(SolutionProperties) = preSolution
		HideSolutionNode = FALSE
	EndGlobalSection
EndGlobal
